Microsoft Visual Studio Solution File, Format Version 12.00
# Visual Studio Version 16
VisualStudioVersion = 16.0.29209.62
MinimumVisualStudioVersion = 10.0.40219.1
Project("{9A19103F-16F7-4668-BE54-9A1E7A4F7556}") = "CP1", "Learn_CSharp\CP1.csproj", "{631EC361-8CF2-469A-B197-01A18F433D76}"
EndProject
Project("{FAE04EC0-301F-11D3-BF4B-00C04F79EFBC}") = "CP2", "CP2\CP2.csproj", "{0FAC52F6-F28D-460B-8F19-5A8C6AFCD167}"
EndProject
Global
	GlobalSection(SolutionConfigurationPlatforms) = preSolution
		Debug|Any CPU = Debug|Any CPU
		Release|Any CPU = Release|Any CPU
	EndGlobalSection
	GlobalSection(ProjectConfigurationPlatforms) = postSolution
		{631EC361-8CF2-469A-B197-01A18F433D76}.Debug|Any CPU.ActiveCfg = Debug|Any CPU
		{631EC361-8CF2-469A-B197-01A18F433D76}.Debug|Any CPU.Build.0 = Debug|Any CPU
		{631EC361-8CF2-469A-B197-01A18F433D76}.Release|Any CPU.ActiveCfg = Release|Any CPU
		{631EC361-8CF2-469A-B197-01A18F433D76}.Release|Any CPU.Build.0 = Release|Any CPU
		{0FAC52F6-F28D-460B-8F19-5A8C6AFCD167}.Debug|Any CPU.ActiveCfg = Debug|Any CPU
		{0FAC52F6-F28D-460B-8F19-5A8C6AFCD167}.Debug|Any CPU.Build.0 = Debug|Any CPU
		{0FAC52F6-F28D-460B-8F19-5A8C6AFCD167}.Release|Any CPU.ActiveCfg = Release|Any CPU
		{0FAC52F6-F28D-460B-8F19-5A8C6AFCD167}.Release|Any CPU.Build.0 = Release|Any CPU
	EndGlobalSection
	GlobalSection(SolutionProperties) = preSolution
		HideSolutionNode = FALSE
	EndGlobalSection
	GlobalSection(ExtensibilityGlobals) = postSolution
		SolutionGuid = {95D59218-881F-4503-BFA5-3D295463B48B}
	EndGlobalSection
EndGlobal
