Microsoft Visual Studio Solution File, Format Version 12.00
# Visual Studio Version 16
VisualStudioVersion = 16.0.29209.62
MinimumVisualStudioVersion = 10.0.40219.1
Project("{9A19103F-16F7-4668-BE54-9A1E7A4F7556}") = "CP1", "Learn_CSharp\CP1.csproj", "{631EC361-8CF2-469A-B197-01A18F433D76}"
EndProject
Project("{9A19103F-16F7-4668-BE54-9A1E7A4F7556}") = "CP2", "CP2\CP2.csproj", "{0FAC52F6-F28D-460B-8F19-5A8C6AFCD167}"
EndProject
Project("{9A19103F-16F7-4668-BE54-9A1E7A4F7556}") = "CP3", "CP3\CP3.csproj", "{8C2D9199-4131-4A48-80D7-B7610C0BBE04}"
EndProject
Project("{9A19103F-16F7-4668-BE54-9A1E7A4F7556}") = "CP4", "CP4\CP4.csproj", "{AD3CC351-2569-40E7-8D46-D2C711091CA0}"
EndProject
Project("{9A19103F-16F7-4668-BE54-9A1E7A4F7556}") = "CP5", "CP5\CP5.csproj", "{876D8693-3B0F-46EB-9F3B-F6A16A6C5653}"
EndProject
Project("{9A19103F-16F7-4668-BE54-9A1E7A4F7556}") = "CP6", "CP6\CP6.csproj", "{9765528D-5C0D-4ACE-9FD8-32FA85183B0A}"
EndProject
Project("{9A19103F-16F7-4668-BE54-9A1E7A4F7556}") = "cp7", "cp7\cp7.csproj", "{F38AC1C1-F180-4B90-97AF-3A0FB50D006E}"
EndProject
Project("{9A19103F-16F7-4668-BE54-9A1E7A4F7556}") = "CP8", "CP8\CP8.csproj", "{A025B480-5D17-4E2E-BF1E-858F3DB35F72}"
EndProject
Project("{9A19103F-16F7-4668-BE54-9A1E7A4F7556}") = "CP9", "CP9\CP9.csproj", "{B7A724D5-27B8-4A40-B031-D4688676E4B0}"
EndProject
Project("{9A19103F-16F7-4668-BE54-9A1E7A4F7556}") = "CP10", "CP10\CP10.csproj", "{59CB975A-422B-452D-9D84-DCA03202386E}"
EndProject
Project("{9A19103F-16F7-4668-BE54-9A1E7A4F7556}") = "CP11", "CP11\CP11.csproj", "{0B228C26-2567-4F18-85F4-2E427A6AB354}"
EndProject
Project("{9A19103F-16F7-4668-BE54-9A1E7A4F7556}") = "CP12", "cp12\CP12.csproj", "{8AE245E2-B783-442F-ABB8-1F674C87F042}"
EndProject
Project("{9A19103F-16F7-4668-BE54-9A1E7A4F7556}") = "CP13", "CP13\CP13.csproj", "{D2484A0E-4B8C-4E48-ABD0-13869D25F804}"
EndProject
Project("{9A19103F-16F7-4668-BE54-9A1E7A4F7556}") = "CP14", "CP14\CP14.csproj", "{627EC224-260F-4248-BB78-56A94E9211CF}"
EndProject
Project("{FAE04EC0-301F-11D3-BF4B-00C04F79EFBC}") = "CP15", "CP15\CP15.csproj", "{A8FD7D87-7ACD-43C7-AD80-012BB5329E44}"
EndProject
Global
	GlobalSection(SolutionConfigurationPlatforms) = preSolution
		Debug|Any CPU = Debug|Any CPU
		Release|Any CPU = Release|Any CPU
	EndGlobalSection
	GlobalSection(ProjectConfigurationPlatforms) = postSolution
		{631EC361-8CF2-469A-B197-01A18F433D76}.Debug|Any CPU.ActiveCfg = Debug|Any CPU
		{631EC361-8CF2-469A-B197-01A18F433D76}.Debug|Any CPU.Build.0 = Debug|Any CPU
		{631EC361-8CF2-469A-B197-01A18F433D76}.Release|Any CPU.ActiveCfg = Release|Any CPU
		{631EC361-8CF2-469A-B197-01A18F433D76}.Release|Any CPU.Build.0 = Release|Any CPU
		{0FAC52F6-F28D-460B-8F19-5A8C6AFCD167}.Debug|Any CPU.ActiveCfg = Debug|Any CPU
		{0FAC52F6-F28D-460B-8F19-5A8C6AFCD167}.Debug|Any CPU.Build.0 = Debug|Any CPU
		{0FAC52F6-F28D-460B-8F19-5A8C6AFCD167}.Release|Any CPU.ActiveCfg = Release|Any CPU
		{0FAC52F6-F28D-460B-8F19-5A8C6AFCD167}.Release|Any CPU.Build.0 = Release|Any CPU
		{8C2D9199-4131-4A48-80D7-B7610C0BBE04}.Debug|Any CPU.ActiveCfg = Debug|Any CPU
		{8C2D9199-4131-4A48-80D7-B7610C0BBE04}.Debug|Any CPU.Build.0 = Debug|Any CPU
		{8C2D9199-4131-4A48-80D7-B7610C0BBE04}.Release|Any CPU.ActiveCfg = Release|Any CPU
		{8C2D9199-4131-4A48-80D7-B7610C0BBE04}.Release|Any CPU.Build.0 = Release|Any CPU
		{AD3CC351-2569-40E7-8D46-D2C711091CA0}.Debug|Any CPU.ActiveCfg = Debug|Any CPU
		{AD3CC351-2569-40E7-8D46-D2C711091CA0}.Debug|Any CPU.Build.0 = Debug|Any CPU
		{AD3CC351-2569-40E7-8D46-D2C711091CA0}.Release|Any CPU.ActiveCfg = Release|Any CPU
		{AD3CC351-2569-40E7-8D46-D2C711091CA0}.Release|Any CPU.Build.0 = Release|Any CPU
		{876D8693-3B0F-46EB-9F3B-F6A16A6C5653}.Debug|Any CPU.ActiveCfg = Debug|Any CPU
		{876D8693-3B0F-46EB-9F3B-F6A16A6C5653}.Debug|Any CPU.Build.0 = Debug|Any CPU
		{876D8693-3B0F-46EB-9F3B-F6A16A6C5653}.Release|Any CPU.ActiveCfg = Release|Any CPU
		{876D8693-3B0F-46EB-9F3B-F6A16A6C5653}.Release|Any CPU.Build.0 = Release|Any CPU
		{9765528D-5C0D-4ACE-9FD8-32FA85183B0A}.Debug|Any CPU.ActiveCfg = Debug|Any CPU
		{9765528D-5C0D-4ACE-9FD8-32FA85183B0A}.Debug|Any CPU.Build.0 = Debug|Any CPU
		{9765528D-5C0D-4ACE-9FD8-32FA85183B0A}.Release|Any CPU.ActiveCfg = Release|Any CPU
		{9765528D-5C0D-4ACE-9FD8-32FA85183B0A}.Release|Any CPU.Build.0 = Release|Any CPU
		{F38AC1C1-F180-4B90-97AF-3A0FB50D006E}.Debug|Any CPU.ActiveCfg = Debug|Any CPU
		{F38AC1C1-F180-4B90-97AF-3A0FB50D006E}.Debug|Any CPU.Build.0 = Debug|Any CPU
		{F38AC1C1-F180-4B90-97AF-3A0FB50D006E}.Release|Any CPU.ActiveCfg = Release|Any CPU
		{F38AC1C1-F180-4B90-97AF-3A0FB50D006E}.Release|Any CPU.Build.0 = Release|Any CPU
		{A025B480-5D17-4E2E-BF1E-858F3DB35F72}.Debug|Any CPU.ActiveCfg = Debug|Any CPU
		{A025B480-5D17-4E2E-BF1E-858F3DB35F72}.Debug|Any CPU.Build.0 = Debug|Any CPU
		{A025B480-5D17-4E2E-BF1E-858F3DB35F72}.Release|Any CPU.ActiveCfg = Release|Any CPU
		{A025B480-5D17-4E2E-BF1E-858F3DB35F72}.Release|Any CPU.Build.0 = Release|Any CPU
		{B7A724D5-27B8-4A40-B031-D4688676E4B0}.Debug|Any CPU.ActiveCfg = Debug|Any CPU
		{B7A724D5-27B8-4A40-B031-D4688676E4B0}.Debug|Any CPU.Build.0 = Debug|Any CPU
		{B7A724D5-27B8-4A40-B031-D4688676E4B0}.Release|Any CPU.ActiveCfg = Release|Any CPU
		{B7A724D5-27B8-4A40-B031-D4688676E4B0}.Release|Any CPU.Build.0 = Release|Any CPU
		{59CB975A-422B-452D-9D84-DCA03202386E}.Debug|Any CPU.ActiveCfg = Debug|Any CPU
		{59CB975A-422B-452D-9D84-DCA03202386E}.Debug|Any CPU.Build.0 = Debug|Any CPU
		{59CB975A-422B-452D-9D84-DCA03202386E}.Release|Any CPU.ActiveCfg = Release|Any CPU
		{59CB975A-422B-452D-9D84-DCA03202386E}.Release|Any CPU.Build.0 = Release|Any CPU
		{0B228C26-2567-4F18-85F4-2E427A6AB354}.Debug|Any CPU.ActiveCfg = Debug|Any CPU
		{0B228C26-2567-4F18-85F4-2E427A6AB354}.Debug|Any CPU.Build.0 = Debug|Any CPU
		{0B228C26-2567-4F18-85F4-2E427A6AB354}.Release|Any CPU.ActiveCfg = Release|Any CPU
		{0B228C26-2567-4F18-85F4-2E427A6AB354}.Release|Any CPU.Build.0 = Release|Any CPU
		{8AE245E2-B783-442F-ABB8-1F674C87F042}.Debug|Any CPU.ActiveCfg = Debug|Any CPU
		{8AE245E2-B783-442F-ABB8-1F674C87F042}.Debug|Any CPU.Build.0 = Debug|Any CPU
		{8AE245E2-B783-442F-ABB8-1F674C87F042}.Release|Any CPU.ActiveCfg = Release|Any CPU
		{8AE245E2-B783-442F-ABB8-1F674C87F042}.Release|Any CPU.Build.0 = Release|Any CPU
		{D2484A0E-4B8C-4E48-ABD0-13869D25F804}.Debug|Any CPU.ActiveCfg = Debug|Any CPU
		{D2484A0E-4B8C-4E48-ABD0-13869D25F804}.Debug|Any CPU.Build.0 = Debug|Any CPU
		{D2484A0E-4B8C-4E48-ABD0-13869D25F804}.Release|Any CPU.ActiveCfg = Release|Any CPU
		{D2484A0E-4B8C-4E48-ABD0-13869D25F804}.Release|Any CPU.Build.0 = Release|Any CPU
		{627EC224-260F-4248-BB78-56A94E9211CF}.Debug|Any CPU.ActiveCfg = Debug|Any CPU
		{627EC224-260F-4248-BB78-56A94E9211CF}.Debug|Any CPU.Build.0 = Debug|Any CPU
		{627EC224-260F-4248-BB78-56A94E9211CF}.Release|Any CPU.ActiveCfg = Release|Any CPU
		{627EC224-260F-4248-BB78-56A94E9211CF}.Release|Any CPU.Build.0 = Release|Any CPU
		{A8FD7D87-7ACD-43C7-AD80-012BB5329E44}.Debug|Any CPU.ActiveCfg = Debug|Any CPU
		{A8FD7D87-7ACD-43C7-AD80-012BB5329E44}.Debug|Any CPU.Build.0 = Debug|Any CPU
		{A8FD7D87-7ACD-43C7-AD80-012BB5329E44}.Release|Any CPU.ActiveCfg = Release|Any CPU
		{A8FD7D87-7ACD-43C7-AD80-012BB5329E44}.Release|Any CPU.Build.0 = Release|Any CPU
	EndGlobalSection
	GlobalSection(SolutionProperties) = preSolution
		HideSolutionNode = FALSE
	EndGlobalSection
	GlobalSection(ExtensibilityGlobals) = postSolution
		SolutionGuid = {95D59218-881F-4503-BFA5-3D295463B48B}
	EndGlobalSection
EndGlobal
