Microsoft Visual Studio Solution File, Format Version 12.00
# Visual Studio Version 16
VisualStudioVersion = 16.0.29209.62
MinimumVisualStudioVersion = 10.0.40219.1
Project("{9A19103F-16F7-4668-BE54-9A1E7A4F7556}") = "CP1", "Learn_CSharp\CP1.csproj", "{631EC361-8CF2-469A-B197-01A18F433D76}"
EndProject
Project("{9A19103F-16F7-4668-BE54-9A1E7A4F7556}") = "CP2", "CP2\CP2.csproj", "{0FAC52F6-F28D-460B-8F19-5A8C6AFCD167}"
EndProject
Project("{9A19103F-16F7-4668-BE54-9A1E7A4F7556}") = "CP3", "CP3\CP3.csproj", "{8C2D9199-4131-4A48-80D7-B7610C0BBE04}"
EndProject
Project("{9A19103F-16F7-4668-BE54-9A1E7A4F7556}") = "CP4", "CP4\CP4.csproj", "{AD3CC351-2569-40E7-8D46-D2C711091CA0}"
EndProject
Project("{FAE04EC0-301F-11D3-BF4B-00C04F79EFBC}") = "CP5", "CP5\CP5.csproj", "{876D8693-3B0F-46EB-9F3B-F6A16A6C5653}"
EndProject
Global
	GlobalSection(SolutionConfigurationPlatforms) = preSolution
		Debug|Any CPU = Debug|Any CPU
		Release|Any CPU = Release|Any CPU
	EndGlobalSection
	GlobalSection(ProjectConfigurationPlatforms) = postSolution
		{631EC361-8CF2-469A-B197-01A18F433D76}.Debug|Any CPU.ActiveCfg = Debug|Any CPU
		{631EC361-8CF2-469A-B197-01A18F433D76}.Debug|Any CPU.Build.0 = Debug|Any CPU
		{631EC361-8CF2-469A-B197-01A18F433D76}.Release|Any CPU.ActiveCfg = Release|Any CPU
		{631EC361-8CF2-469A-B197-01A18F433D76}.Release|Any CPU.Build.0 = Release|Any CPU
		{0FAC52F6-F28D-460B-8F19-5A8C6AFCD167}.Debug|Any CPU.ActiveCfg = Debug|Any CPU
		{0FAC52F6-F28D-460B-8F19-5A8C6AFCD167}.Debug|Any CPU.Build.0 = Debug|Any CPU
		{0FAC52F6-F28D-460B-8F19-5A8C6AFCD167}.Release|Any CPU.ActiveCfg = Release|Any CPU
		{0FAC52F6-F28D-460B-8F19-5A8C6AFCD167}.Release|Any CPU.Build.0 = Release|Any CPU
		{8C2D9199-4131-4A48-80D7-B7610C0BBE04}.Debug|Any CPU.ActiveCfg = Debug|Any CPU
		{8C2D9199-4131-4A48-80D7-B7610C0BBE04}.Debug|Any CPU.Build.0 = Debug|Any CPU
		{8C2D9199-4131-4A48-80D7-B7610C0BBE04}.Release|Any CPU.ActiveCfg = Release|Any CPU
		{8C2D9199-4131-4A48-80D7-B7610C0BBE04}.Release|Any CPU.Build.0 = Release|Any CPU
		{AD3CC351-2569-40E7-8D46-D2C711091CA0}.Debug|Any CPU.ActiveCfg = Debug|Any CPU
		{AD3CC351-2569-40E7-8D46-D2C711091CA0}.Debug|Any CPU.Build.0 = Debug|Any CPU
		{AD3CC351-2569-40E7-8D46-D2C711091CA0}.Release|Any CPU.ActiveCfg = Release|Any CPU
		{AD3CC351-2569-40E7-8D46-D2C711091CA0}.Release|Any CPU.Build.0 = Release|Any CPU
		{876D8693-3B0F-46EB-9F3B-F6A16A6C5653}.Debug|Any CPU.ActiveCfg = Debug|Any CPU
		{876D8693-3B0F-46EB-9F3B-F6A16A6C5653}.Debug|Any CPU.Build.0 = Debug|Any CPU
		{876D8693-3B0F-46EB-9F3B-F6A16A6C5653}.Release|Any CPU.ActiveCfg = Release|Any CPU
		{876D8693-3B0F-46EB-9F3B-F6A16A6C5653}.Release|Any CPU.Build.0 = Release|Any CPU
	EndGlobalSection
	GlobalSection(SolutionProperties) = preSolution
		HideSolutionNode = FALSE
	EndGlobalSection
	GlobalSection(ExtensibilityGlobals) = postSolution
		SolutionGuid = {95D59218-881F-4503-BFA5-3D295463B48B}
	EndGlobalSection
EndGlobal
