
Microsoft Visual Studio Solution File, Format Version 12.00
# Visual Studio 15
Project("{FAE04EC0-301F-11D3-BF4B-00C04F79EFBC}") = "FirstApplication", "FirstApplication\FirstApplication.csproj", "{77AD5750-D538-4568-9E72-8614DC42C3AA}"
EndProject
Global
	GlobalSection(SolutionConfigurationPlatforms) = preSolution
		Debug|Any CPU = Debug|Any CPU
		Release|Any CPU = Release|Any CPU
	EndGlobalSection
	GlobalSection(ProjectConfigurationPlatforms) = postSolution
		{77AD5750-D538-4568-9E72-8614DC42C3AA}.Debug|Any CPU.ActiveCfg = Debug|Any CPU
		{77AD5750-D538-4568-9E72-8614DC42C3AA}.Debug|Any CPU.Build.0 = Debug|Any CPU
		{77AD5750-D538-4568-9E72-8614DC42C3AA}.Release|Any CPU.ActiveCfg = Release|Any CPU
		{77AD5750-D538-4568-9E72-8614DC42C3AA}.Release|Any CPU.Build.0 = Release|Any CPU
	EndGlobalSection
EndGlobal
