
Microsoft Visual Studio Solution File, Format Version 12.00
# Visual Studio Version 16
VisualStudioVersion = 16.0.31320.298
MinimumVisualStudioVersion = 10.0.40219.1
Project("{9A19103F-16F7-4668-BE54-9A1E7A4F7556}") = "chapt2", "CS_in_depth\chapt2.csproj", "{60D13788-1E68-43B0-BA4C-FFBDE35DEF6B}"
EndProject
Project("{9A19103F-16F7-4668-BE54-9A1E7A4F7556}") = "Chapt3", "Chapt3\Chapt3.csproj", "{0241053E-8B38-42B4-98AC-28B6411AE0F5}"
EndProject
Project("{9A19103F-16F7-4668-BE54-9A1E7A4F7556}") = "Chapter4", "Chapter4\Chapter4.csproj", "{75478058-452B-4FCA-8FE8-6F9B2405CD82}"
EndProject
Project("{9A19103F-16F7-4668-BE54-9A1E7A4F7556}") = "Chapter5", "Chapter5\Chapter5.csproj", "{D708115A-1D92-4131-928B-E51C2B6502A4}"
EndProject
Project("{9A19103F-16F7-4668-BE54-9A1E7A4F7556}") = "Chapter11", "Chapter11\Chapter11.csproj", "{B6455181-C7FA-4532-8A64-B8713AFA1D83}"
EndProject
Project("{9A19103F-16F7-4668-BE54-9A1E7A4F7556}") = "Chapter12", "Chapter12\Chapter12.csproj", "{943BE806-2178-4F27-BB08-E2D55553BF5B}"
EndProject
Project("{FAE04EC0-301F-11D3-BF4B-00C04F79EFBC}") = "Chapter13", "Chapter13\Chapter13.csproj", "{D98966C2-C755-4C2B-89E7-FF79EF8E0644}"
EndProject
Global
	GlobalSection(SolutionConfigurationPlatforms) = preSolution
		Debug|Any CPU = Debug|Any CPU
		Release|Any CPU = Release|Any CPU
	EndGlobalSection
	GlobalSection(ProjectConfigurationPlatforms) = postSolution
		{60D13788-1E68-43B0-BA4C-FFBDE35DEF6B}.Debug|Any CPU.ActiveCfg = Debug|Any CPU
		{60D13788-1E68-43B0-BA4C-FFBDE35DEF6B}.Debug|Any CPU.Build.0 = Debug|Any CPU
		{60D13788-1E68-43B0-BA4C-FFBDE35DEF6B}.Release|Any CPU.ActiveCfg = Release|Any CPU
		{60D13788-1E68-43B0-BA4C-FFBDE35DEF6B}.Release|Any CPU.Build.0 = Release|Any CPU
		{0241053E-8B38-42B4-98AC-28B6411AE0F5}.Debug|Any CPU.ActiveCfg = Debug|Any CPU
		{0241053E-8B38-42B4-98AC-28B6411AE0F5}.Debug|Any CPU.Build.0 = Debug|Any CPU
		{0241053E-8B38-42B4-98AC-28B6411AE0F5}.Release|Any CPU.ActiveCfg = Release|Any CPU
		{0241053E-8B38-42B4-98AC-28B6411AE0F5}.Release|Any CPU.Build.0 = Release|Any CPU
		{75478058-452B-4FCA-8FE8-6F9B2405CD82}.Debug|Any CPU.ActiveCfg = Debug|Any CPU
		{75478058-452B-4FCA-8FE8-6F9B2405CD82}.Debug|Any CPU.Build.0 = Debug|Any CPU
		{75478058-452B-4FCA-8FE8-6F9B2405CD82}.Release|Any CPU.ActiveCfg = Release|Any CPU
		{75478058-452B-4FCA-8FE8-6F9B2405CD82}.Release|Any CPU.Build.0 = Release|Any CPU
		{D708115A-1D92-4131-928B-E51C2B6502A4}.Debug|Any CPU.ActiveCfg = Debug|Any CPU
		{D708115A-1D92-4131-928B-E51C2B6502A4}.Debug|Any CPU.Build.0 = Debug|Any CPU
		{D708115A-1D92-4131-928B-E51C2B6502A4}.Release|Any CPU.ActiveCfg = Release|Any CPU
		{D708115A-1D92-4131-928B-E51C2B6502A4}.Release|Any CPU.Build.0 = Release|Any CPU
		{B6455181-C7FA-4532-8A64-B8713AFA1D83}.Debug|Any CPU.ActiveCfg = Debug|Any CPU
		{B6455181-C7FA-4532-8A64-B8713AFA1D83}.Debug|Any CPU.Build.0 = Debug|Any CPU
		{B6455181-C7FA-4532-8A64-B8713AFA1D83}.Release|Any CPU.ActiveCfg = Release|Any CPU
		{B6455181-C7FA-4532-8A64-B8713AFA1D83}.Release|Any CPU.Build.0 = Release|Any CPU
		{943BE806-2178-4F27-BB08-E2D55553BF5B}.Debug|Any CPU.ActiveCfg = Debug|Any CPU
		{943BE806-2178-4F27-BB08-E2D55553BF5B}.Debug|Any CPU.Build.0 = Debug|Any CPU
		{943BE806-2178-4F27-BB08-E2D55553BF5B}.Release|Any CPU.ActiveCfg = Release|Any CPU
		{943BE806-2178-4F27-BB08-E2D55553BF5B}.Release|Any CPU.Build.0 = Release|Any CPU
		{D98966C2-C755-4C2B-89E7-FF79EF8E0644}.Debug|Any CPU.ActiveCfg = Debug|Any CPU
		{D98966C2-C755-4C2B-89E7-FF79EF8E0644}.Debug|Any CPU.Build.0 = Debug|Any CPU
		{D98966C2-C755-4C2B-89E7-FF79EF8E0644}.Release|Any CPU.ActiveCfg = Release|Any CPU
		{D98966C2-C755-4C2B-89E7-FF79EF8E0644}.Release|Any CPU.Build.0 = Release|Any CPU
	EndGlobalSection
	GlobalSection(SolutionProperties) = preSolution
		HideSolutionNode = FALSE
	EndGlobalSection
	GlobalSection(ExtensibilityGlobals) = postSolution
		SolutionGuid = {1A364256-7881-44CE-9ABD-E1D6BFF25086}
	EndGlobalSection
EndGlobal
