
Microsoft Visual Studio Solution File, Format Version 12.00
# Visual Studio Version 16
VisualStudioVersion = 16.0.31320.298
MinimumVisualStudioVersion = 10.0.40219.1
Project("{FAE04EC0-301F-11D3-BF4B-00C04F79EFBC}") = "chapt2", "CS_in_depth\chapt2.csproj", "{60D13788-1E68-43B0-BA4C-FFBDE35DEF6B}"
EndProject
Global
	GlobalSection(SolutionConfigurationPlatforms) = preSolution
		Debug|Any CPU = Debug|Any CPU
		Release|Any CPU = Release|Any CPU
	EndGlobalSection
	GlobalSection(ProjectConfigurationPlatforms) = postSolution
		{60D13788-1E68-43B0-BA4C-FFBDE35DEF6B}.Debug|Any CPU.ActiveCfg = Debug|Any CPU
		{60D13788-1E68-43B0-BA4C-FFBDE35DEF6B}.Debug|Any CPU.Build.0 = Debug|Any CPU
		{60D13788-1E68-43B0-BA4C-FFBDE35DEF6B}.Release|Any CPU.ActiveCfg = Release|Any CPU
		{60D13788-1E68-43B0-BA4C-FFBDE35DEF6B}.Release|Any CPU.Build.0 = Release|Any CPU
	EndGlobalSection
	GlobalSection(SolutionProperties) = preSolution
		HideSolutionNode = FALSE
	EndGlobalSection
	GlobalSection(ExtensibilityGlobals) = postSolution
		SolutionGuid = {1A364256-7881-44CE-9ABD-E1D6BFF25086}
	EndGlobalSection
EndGlobal
