
Microsoft Visual Studio Solution File, Format Version 12.00
# Visual Studio Version 16
VisualStudioVersion = 16.0.30804.86
MinimumVisualStudioVersion = 10.0.40219.1
Project("{9A19103F-16F7-4668-BE54-9A1E7A4F7556}") = "Chapter1", "concurrency_in_CSharp_2th_edition\Chapter1.csproj", "{89C2EEC7-A998-4F68-A292-AC3EF04FE783}"
EndProject
Project("{9A19103F-16F7-4668-BE54-9A1E7A4F7556}") = "Chapter2", "Chapter2\Chapter2.csproj", "{31E78A06-8FA6-4A13-B68C-1A724D24CDF8}"
EndProject
Project("{9A19103F-16F7-4668-BE54-9A1E7A4F7556}") = "Chapter3", "Chapter3\Chapter3.csproj", "{7F525681-2169-4B58-81C2-73BED9C4B8FB}"
EndProject
Project("{9A19103F-16F7-4668-BE54-9A1E7A4F7556}") = "Chapter4", "Chapter4\Chapter4.csproj", "{306D13B1-5110-4B60-847E-D6D753EBAB33}"
EndProject
Project("{9A19103F-16F7-4668-BE54-9A1E7A4F7556}") = "Chapter5", "Chapter5\Chapter5.csproj", "{EC6E6910-09BB-4D50-84A8-9B52EFC99648}"
EndProject
Project("{9A19103F-16F7-4668-BE54-9A1E7A4F7556}") = "Chapter6", "Chapter6\Chapter6.csproj", "{1D668D6F-D29B-44D4-B1CB-696E8B848A73}"
EndProject
Project("{9A19103F-16F7-4668-BE54-9A1E7A4F7556}") = "Chapter7", "Chapter7\Chapter7.csproj", "{9D0B1F13-8CCA-47F6-B5B2-E79AA8AF128F}"
EndProject
Project("{9A19103F-16F7-4668-BE54-9A1E7A4F7556}") = "Chapter8", "Chapter8\Chapter8.csproj", "{7FD6DD26-09BA-4DF8-B423-8AC20C30B75B}"
EndProject
Project("{FAE04EC0-301F-11D3-BF4B-00C04F79EFBC}") = "Chapter9", "Chapter9\Chapter9.csproj", "{DB35C419-A919-48B6-83DA-DBC17E6CD70A}"
EndProject
Global
	GlobalSection(SolutionConfigurationPlatforms) = preSolution
		Debug|Any CPU = Debug|Any CPU
		Release|Any CPU = Release|Any CPU
	EndGlobalSection
	GlobalSection(ProjectConfigurationPlatforms) = postSolution
		{89C2EEC7-A998-4F68-A292-AC3EF04FE783}.Debug|Any CPU.ActiveCfg = Debug|Any CPU
		{89C2EEC7-A998-4F68-A292-AC3EF04FE783}.Debug|Any CPU.Build.0 = Debug|Any CPU
		{89C2EEC7-A998-4F68-A292-AC3EF04FE783}.Release|Any CPU.ActiveCfg = Release|Any CPU
		{89C2EEC7-A998-4F68-A292-AC3EF04FE783}.Release|Any CPU.Build.0 = Release|Any CPU
		{31E78A06-8FA6-4A13-B68C-1A724D24CDF8}.Debug|Any CPU.ActiveCfg = Debug|Any CPU
		{31E78A06-8FA6-4A13-B68C-1A724D24CDF8}.Debug|Any CPU.Build.0 = Debug|Any CPU
		{31E78A06-8FA6-4A13-B68C-1A724D24CDF8}.Release|Any CPU.ActiveCfg = Release|Any CPU
		{31E78A06-8FA6-4A13-B68C-1A724D24CDF8}.Release|Any CPU.Build.0 = Release|Any CPU
		{7F525681-2169-4B58-81C2-73BED9C4B8FB}.Debug|Any CPU.ActiveCfg = Debug|Any CPU
		{7F525681-2169-4B58-81C2-73BED9C4B8FB}.Debug|Any CPU.Build.0 = Debug|Any CPU
		{7F525681-2169-4B58-81C2-73BED9C4B8FB}.Release|Any CPU.ActiveCfg = Release|Any CPU
		{7F525681-2169-4B58-81C2-73BED9C4B8FB}.Release|Any CPU.Build.0 = Release|Any CPU
		{306D13B1-5110-4B60-847E-D6D753EBAB33}.Debug|Any CPU.ActiveCfg = Debug|Any CPU
		{306D13B1-5110-4B60-847E-D6D753EBAB33}.Debug|Any CPU.Build.0 = Debug|Any CPU
		{306D13B1-5110-4B60-847E-D6D753EBAB33}.Release|Any CPU.ActiveCfg = Release|Any CPU
		{306D13B1-5110-4B60-847E-D6D753EBAB33}.Release|Any CPU.Build.0 = Release|Any CPU
		{EC6E6910-09BB-4D50-84A8-9B52EFC99648}.Debug|Any CPU.ActiveCfg = Debug|Any CPU
		{EC6E6910-09BB-4D50-84A8-9B52EFC99648}.Debug|Any CPU.Build.0 = Debug|Any CPU
		{EC6E6910-09BB-4D50-84A8-9B52EFC99648}.Release|Any CPU.ActiveCfg = Release|Any CPU
		{EC6E6910-09BB-4D50-84A8-9B52EFC99648}.Release|Any CPU.Build.0 = Release|Any CPU
		{1D668D6F-D29B-44D4-B1CB-696E8B848A73}.Debug|Any CPU.ActiveCfg = Debug|Any CPU
		{1D668D6F-D29B-44D4-B1CB-696E8B848A73}.Debug|Any CPU.Build.0 = Debug|Any CPU
		{1D668D6F-D29B-44D4-B1CB-696E8B848A73}.Release|Any CPU.ActiveCfg = Release|Any CPU
		{1D668D6F-D29B-44D4-B1CB-696E8B848A73}.Release|Any CPU.Build.0 = Release|Any CPU
		{9D0B1F13-8CCA-47F6-B5B2-E79AA8AF128F}.Debug|Any CPU.ActiveCfg = Debug|Any CPU
		{9D0B1F13-8CCA-47F6-B5B2-E79AA8AF128F}.Debug|Any CPU.Build.0 = Debug|Any CPU
		{9D0B1F13-8CCA-47F6-B5B2-E79AA8AF128F}.Release|Any CPU.ActiveCfg = Release|Any CPU
		{9D0B1F13-8CCA-47F6-B5B2-E79AA8AF128F}.Release|Any CPU.Build.0 = Release|Any CPU
		{7FD6DD26-09BA-4DF8-B423-8AC20C30B75B}.Debug|Any CPU.ActiveCfg = Debug|Any CPU
		{7FD6DD26-09BA-4DF8-B423-8AC20C30B75B}.Debug|Any CPU.Build.0 = Debug|Any CPU
		{7FD6DD26-09BA-4DF8-B423-8AC20C30B75B}.Release|Any CPU.ActiveCfg = Release|Any CPU
		{7FD6DD26-09BA-4DF8-B423-8AC20C30B75B}.Release|Any CPU.Build.0 = Release|Any CPU
		{DB35C419-A919-48B6-83DA-DBC17E6CD70A}.Debug|Any CPU.ActiveCfg = Debug|Any CPU
		{DB35C419-A919-48B6-83DA-DBC17E6CD70A}.Debug|Any CPU.Build.0 = Debug|Any CPU
		{DB35C419-A919-48B6-83DA-DBC17E6CD70A}.Release|Any CPU.ActiveCfg = Release|Any CPU
		{DB35C419-A919-48B6-83DA-DBC17E6CD70A}.Release|Any CPU.Build.0 = Release|Any CPU
	EndGlobalSection
	GlobalSection(SolutionProperties) = preSolution
		HideSolutionNode = FALSE
	EndGlobalSection
	GlobalSection(ExtensibilityGlobals) = postSolution
		SolutionGuid = {318F9E34-6A4D-41EC-8C82-DB69B9A1FBBC}
	EndGlobalSection
EndGlobal
