Microsoft Visual Studio Solution File, Format Version 12.00
# Visual Studio Version 16
VisualStudioVersion = 16.0.29519.87
MinimumVisualStudioVersion = 10.0.40219.1
Project("{9A19103F-16F7-4668-BE54-9A1E7A4F7556}") = "CP1", "concurrency_in_CSharp\CP1.csproj", "{35F9E757-6ACE-4902-AA82-AD21DEB9459B}"
EndProject
Project("{9A19103F-16F7-4668-BE54-9A1E7A4F7556}") = "CP2", "CP2\CP2.csproj", "{8BB27F5A-4786-40FB-8D41-5E71AC34DBA2}"
EndProject
Project("{9A19103F-16F7-4668-BE54-9A1E7A4F7556}") = "CP3", "CP3\CP3.csproj", "{4AF19CAF-4D1B-4F01-A6E1-00D042C48F9A}"
EndProject
Project("{9A19103F-16F7-4668-BE54-9A1E7A4F7556}") = "CP4", "CP4\CP4.csproj", "{5B1EFA6E-17C5-4981-8FD8-6735C8EBBEE4}"
EndProject
Project("{9A19103F-16F7-4668-BE54-9A1E7A4F7556}") = "CP5", "CP5\CP5.csproj", "{98A47ED8-9F3F-4337-A279-AF4A939C66CC}"
EndProject
Project("{9A19103F-16F7-4668-BE54-9A1E7A4F7556}") = "CP6", "CP6\CP6.csproj", "{D5673F59-B1E8-45F7-849A-D663338F0514}"
EndProject
Project("{9A19103F-16F7-4668-BE54-9A1E7A4F7556}") = "CP7", "CP7\CP7.csproj", "{9C69FE3E-37AE-4393-9FDB-86973EE3B2F9}"
EndProject
Project("{9A19103F-16F7-4668-BE54-9A1E7A4F7556}") = "CP8", "CP8\CP8.csproj", "{FEBEE10D-ACB4-489F-9736-7E0FC78D494A}"
EndProject
Project("{9A19103F-16F7-4668-BE54-9A1E7A4F7556}") = "CP9", "CP9\CP9.csproj", "{DCBB4552-4AE4-4CC8-9838-6F86A95559DF}"
EndProject
Project("{9A19103F-16F7-4668-BE54-9A1E7A4F7556}") = "CP10", "CP10\CP10.csproj", "{92D625BF-92C3-4B3B-B422-36A871B6F112}"
EndProject
Project("{9A19103F-16F7-4668-BE54-9A1E7A4F7556}") = "CP11", "CP11\CP11.csproj", "{9C444895-E7D2-44DF-B733-A31B03786A96}"
EndProject
Project("{FAE04EC0-301F-11D3-BF4B-00C04F79EFBC}") = "CP12", "CP12\CP12.csproj", "{51431AC7-8DCA-4D2C-BA1B-2D0F06251B95}"
EndProject
Project("{FAE04EC0-301F-11D3-BF4B-00C04F79EFBC}") = "CP13", "CP13\CP13.csproj", "{395F188D-33F8-43D2-A603-7C34A8759F70}"
EndProject
Global
	GlobalSection(SolutionConfigurationPlatforms) = preSolution
		Debug|Any CPU = Debug|Any CPU
		Release|Any CPU = Release|Any CPU
	EndGlobalSection
	GlobalSection(ProjectConfigurationPlatforms) = postSolution
		{35F9E757-6ACE-4902-AA82-AD21DEB9459B}.Debug|Any CPU.ActiveCfg = Debug|Any CPU
		{35F9E757-6ACE-4902-AA82-AD21DEB9459B}.Debug|Any CPU.Build.0 = Debug|Any CPU
		{35F9E757-6ACE-4902-AA82-AD21DEB9459B}.Release|Any CPU.ActiveCfg = Release|Any CPU
		{35F9E757-6ACE-4902-AA82-AD21DEB9459B}.Release|Any CPU.Build.0 = Release|Any CPU
		{8BB27F5A-4786-40FB-8D41-5E71AC34DBA2}.Debug|Any CPU.ActiveCfg = Debug|Any CPU
		{8BB27F5A-4786-40FB-8D41-5E71AC34DBA2}.Debug|Any CPU.Build.0 = Debug|Any CPU
		{8BB27F5A-4786-40FB-8D41-5E71AC34DBA2}.Release|Any CPU.ActiveCfg = Release|Any CPU
		{8BB27F5A-4786-40FB-8D41-5E71AC34DBA2}.Release|Any CPU.Build.0 = Release|Any CPU
		{4AF19CAF-4D1B-4F01-A6E1-00D042C48F9A}.Debug|Any CPU.ActiveCfg = Debug|Any CPU
		{4AF19CAF-4D1B-4F01-A6E1-00D042C48F9A}.Debug|Any CPU.Build.0 = Debug|Any CPU
		{4AF19CAF-4D1B-4F01-A6E1-00D042C48F9A}.Release|Any CPU.ActiveCfg = Release|Any CPU
		{4AF19CAF-4D1B-4F01-A6E1-00D042C48F9A}.Release|Any CPU.Build.0 = Release|Any CPU
		{5B1EFA6E-17C5-4981-8FD8-6735C8EBBEE4}.Debug|Any CPU.ActiveCfg = Debug|Any CPU
		{5B1EFA6E-17C5-4981-8FD8-6735C8EBBEE4}.Debug|Any CPU.Build.0 = Debug|Any CPU
		{5B1EFA6E-17C5-4981-8FD8-6735C8EBBEE4}.Release|Any CPU.ActiveCfg = Release|Any CPU
		{5B1EFA6E-17C5-4981-8FD8-6735C8EBBEE4}.Release|Any CPU.Build.0 = Release|Any CPU
		{98A47ED8-9F3F-4337-A279-AF4A939C66CC}.Debug|Any CPU.ActiveCfg = Debug|Any CPU
		{98A47ED8-9F3F-4337-A279-AF4A939C66CC}.Debug|Any CPU.Build.0 = Debug|Any CPU
		{98A47ED8-9F3F-4337-A279-AF4A939C66CC}.Release|Any CPU.ActiveCfg = Release|Any CPU
		{98A47ED8-9F3F-4337-A279-AF4A939C66CC}.Release|Any CPU.Build.0 = Release|Any CPU
		{D5673F59-B1E8-45F7-849A-D663338F0514}.Debug|Any CPU.ActiveCfg = Debug|Any CPU
		{D5673F59-B1E8-45F7-849A-D663338F0514}.Debug|Any CPU.Build.0 = Debug|Any CPU
		{D5673F59-B1E8-45F7-849A-D663338F0514}.Release|Any CPU.ActiveCfg = Release|Any CPU
		{D5673F59-B1E8-45F7-849A-D663338F0514}.Release|Any CPU.Build.0 = Release|Any CPU
		{9C69FE3E-37AE-4393-9FDB-86973EE3B2F9}.Debug|Any CPU.ActiveCfg = Debug|Any CPU
		{9C69FE3E-37AE-4393-9FDB-86973EE3B2F9}.Debug|Any CPU.Build.0 = Debug|Any CPU
		{9C69FE3E-37AE-4393-9FDB-86973EE3B2F9}.Release|Any CPU.ActiveCfg = Release|Any CPU
		{9C69FE3E-37AE-4393-9FDB-86973EE3B2F9}.Release|Any CPU.Build.0 = Release|Any CPU
		{FEBEE10D-ACB4-489F-9736-7E0FC78D494A}.Debug|Any CPU.ActiveCfg = Debug|Any CPU
		{FEBEE10D-ACB4-489F-9736-7E0FC78D494A}.Debug|Any CPU.Build.0 = Debug|Any CPU
		{FEBEE10D-ACB4-489F-9736-7E0FC78D494A}.Release|Any CPU.ActiveCfg = Release|Any CPU
		{FEBEE10D-ACB4-489F-9736-7E0FC78D494A}.Release|Any CPU.Build.0 = Release|Any CPU
		{DCBB4552-4AE4-4CC8-9838-6F86A95559DF}.Debug|Any CPU.ActiveCfg = Debug|Any CPU
		{DCBB4552-4AE4-4CC8-9838-6F86A95559DF}.Debug|Any CPU.Build.0 = Debug|Any CPU
		{DCBB4552-4AE4-4CC8-9838-6F86A95559DF}.Release|Any CPU.ActiveCfg = Release|Any CPU
		{DCBB4552-4AE4-4CC8-9838-6F86A95559DF}.Release|Any CPU.Build.0 = Release|Any CPU
		{92D625BF-92C3-4B3B-B422-36A871B6F112}.Debug|Any CPU.ActiveCfg = Debug|Any CPU
		{92D625BF-92C3-4B3B-B422-36A871B6F112}.Debug|Any CPU.Build.0 = Debug|Any CPU
		{92D625BF-92C3-4B3B-B422-36A871B6F112}.Release|Any CPU.ActiveCfg = Release|Any CPU
		{92D625BF-92C3-4B3B-B422-36A871B6F112}.Release|Any CPU.Build.0 = Release|Any CPU
		{9C444895-E7D2-44DF-B733-A31B03786A96}.Debug|Any CPU.ActiveCfg = Debug|Any CPU
		{9C444895-E7D2-44DF-B733-A31B03786A96}.Debug|Any CPU.Build.0 = Debug|Any CPU
		{9C444895-E7D2-44DF-B733-A31B03786A96}.Release|Any CPU.ActiveCfg = Release|Any CPU
		{9C444895-E7D2-44DF-B733-A31B03786A96}.Release|Any CPU.Build.0 = Release|Any CPU
		{51431AC7-8DCA-4D2C-BA1B-2D0F06251B95}.Debug|Any CPU.ActiveCfg = Debug|Any CPU
		{51431AC7-8DCA-4D2C-BA1B-2D0F06251B95}.Debug|Any CPU.Build.0 = Debug|Any CPU
		{51431AC7-8DCA-4D2C-BA1B-2D0F06251B95}.Release|Any CPU.ActiveCfg = Release|Any CPU
		{51431AC7-8DCA-4D2C-BA1B-2D0F06251B95}.Release|Any CPU.Build.0 = Release|Any CPU
		{395F188D-33F8-43D2-A603-7C34A8759F70}.Debug|Any CPU.ActiveCfg = Debug|Any CPU
		{395F188D-33F8-43D2-A603-7C34A8759F70}.Debug|Any CPU.Build.0 = Debug|Any CPU
		{395F188D-33F8-43D2-A603-7C34A8759F70}.Release|Any CPU.ActiveCfg = Release|Any CPU
		{395F188D-33F8-43D2-A603-7C34A8759F70}.Release|Any CPU.Build.0 = Release|Any CPU
	EndGlobalSection
	GlobalSection(SolutionProperties) = preSolution
		HideSolutionNode = FALSE
	EndGlobalSection
	GlobalSection(ExtensibilityGlobals) = postSolution
		SolutionGuid = {CD5F3069-0586-46D5-9A15-2EA5326A7CAA}
	EndGlobalSection
EndGlobal
